Microsoft Visual Studio Solution File, Format Version 12.00
# Visual Studio Version 17
VisualStudioVersion = 17.5.2.0
MinimumVisualStudioVersion = 10.0.40219.1
Project("{FAE04EC0-301F-11D3-BF4B-00C04F79EFBC}") = "IntunePrepTool", "IntunePrepTool\IntunePrepTool.csproj", "{EF5DDCF2-CE1F-4E70-E95B-EC8246104201}"
EndProject
Global
	GlobalSection(SolutionConfigurationPlatforms) = preSolution
		Debug|Any CPU = Debug|Any CPU
		Release|Any CPU = Release|Any CPU
	EndGlobalSection
	GlobalSection(ProjectConfigurationPlatforms) = postSolution
		{EF5DDCF2-CE1F-4E70-E95B-EC8246104201}.Debug|Any CPU.ActiveCfg = Debug|Any CPU
		{EF5DDCF2-CE1F-4E70-E95B-EC8246104201}.Debug|Any CPU.Build.0 = Debug|Any CPU
		{EF5DDCF2-CE1F-4E70-E95B-EC8246104201}.Release|Any CPU.ActiveCfg = Release|Any CPU
		{EF5DDCF2-CE1F-4E70-E95B-EC8246104201}.Release|Any CPU.Build.0 = Release|Any CPU
	EndGlobalSection
	GlobalSection(SolutionProperties) = preSolution
		HideSolutionNode = FALSE
	EndGlobalSection
	GlobalSection(ExtensibilityGlobals) = postSolution
		SolutionGuid = {21DEAA32-19B2-4053-A31A-C05114C4DC59}
	EndGlobalSection
EndGlobal
